
Microsoft Visual Studio Solution File, Format Version 12.00
# Visual Studio Version 16
VisualStudioVersion = 16.0.30523.141
MinimumVisualStudioVersion = 10.0.40219.1
Project("{9A19103F-16F7-4668-BE54-9A1E7A4F7556}") = "Web", "Web\Web.csproj", "{0540068F-921B-4433-929A-8C7AF096CAAA}"
EndProject
Project("{FAE04EC0-301F-11D3-BF4B-00C04F79EFBC}") = "Csharp", "Csharp\Csharp.csproj", "{3AB03171-C90C-4165-A242-2B400D43EEB9}"
EndProject
Project("{FAE04EC0-301F-11D3-BF4B-00C04F79EFBC}") = "数组", "数组\数组.csproj", "{F96C095D-BAC2-4C42-9B4B-07DB2C2C84B7}"
EndProject
Project("{FAE04EC0-301F-11D3-BF4B-00C04F79EFBC}") = "值类型_引用类型", "值类型_引用类型\值类型_引用类型.csproj", "{86F0D701-15AD-497B-AD2F-657C1675F255}"
EndProject
Project("{2150E333-8FDC-42A3-9474-1A3956D46DE8}") = "作业", "作业", "{4DD60349-7B1F-4AE9-9BED-5977B8F6B2B7}"
EndProject
Project("{2150E333-8FDC-42A3-9474-1A3956D46DE8}") = "学习", "学习", "{5358B51A-23A1-4457-AD17-2EDD20B0EF52}"
EndProject
Project("{FAE04EC0-301F-11D3-BF4B-00C04F79EFBC}") = "函数", "函数\函数.csproj", "{AF870CBA-13B1-4E59-B42B-CF827DE17F12}"
EndProject
Project("{FAE04EC0-301F-11D3-BF4B-00C04F79EFBC}") = "test", "test\test.csproj", "{E5B93010-A2A0-4CAE-8FFE-28A4922B6D70}"
EndProject
Project("{9A19103F-16F7-4668-BE54-9A1E7A4F7556}") = "NUnitTest", "NUnitTest\NUnitTest.csproj", "{A33061E4-AB72-493A-A717-1707BE481E3C}"
EndProject
Global
	GlobalSection(SolutionConfigurationPlatforms) = preSolution
		Debug|Any CPU = Debug|Any CPU
		Release|Any CPU = Release|Any CPU
	EndGlobalSection
	GlobalSection(ProjectConfigurationPlatforms) = postSolution
		{0540068F-921B-4433-929A-8C7AF096CAAA}.Debug|Any CPU.ActiveCfg = Debug|Any CPU
		{0540068F-921B-4433-929A-8C7AF096CAAA}.Debug|Any CPU.Build.0 = Debug|Any CPU
		{0540068F-921B-4433-929A-8C7AF096CAAA}.Release|Any CPU.ActiveCfg = Release|Any CPU
		{0540068F-921B-4433-929A-8C7AF096CAAA}.Release|Any CPU.Build.0 = Release|Any CPU
		{3AB03171-C90C-4165-A242-2B400D43EEB9}.Debug|Any CPU.ActiveCfg = Debug|Any CPU
		{3AB03171-C90C-4165-A242-2B400D43EEB9}.Debug|Any CPU.Build.0 = Debug|Any CPU
		{3AB03171-C90C-4165-A242-2B400D43EEB9}.Release|Any CPU.ActiveCfg = Release|Any CPU
		{3AB03171-C90C-4165-A242-2B400D43EEB9}.Release|Any CPU.Build.0 = Release|Any CPU
		{F96C095D-BAC2-4C42-9B4B-07DB2C2C84B7}.Debug|Any CPU.ActiveCfg = Debug|Any CPU
		{F96C095D-BAC2-4C42-9B4B-07DB2C2C84B7}.Debug|Any CPU.Build.0 = Debug|Any CPU
		{F96C095D-BAC2-4C42-9B4B-07DB2C2C84B7}.Release|Any CPU.ActiveCfg = Release|Any CPU
		{F96C095D-BAC2-4C42-9B4B-07DB2C2C84B7}.Release|Any CPU.Build.0 = Release|Any CPU
		{86F0D701-15AD-497B-AD2F-657C1675F255}.Debug|Any CPU.ActiveCfg = Debug|Any CPU
		{86F0D701-15AD-497B-AD2F-657C1675F255}.Debug|Any CPU.Build.0 = Debug|Any CPU
		{86F0D701-15AD-497B-AD2F-657C1675F255}.Release|Any CPU.ActiveCfg = Release|Any CPU
		{86F0D701-15AD-497B-AD2F-657C1675F255}.Release|Any CPU.Build.0 = Release|Any CPU
		{AF870CBA-13B1-4E59-B42B-CF827DE17F12}.Debug|Any CPU.ActiveCfg = Debug|Any CPU
		{AF870CBA-13B1-4E59-B42B-CF827DE17F12}.Debug|Any CPU.Build.0 = Debug|Any CPU
		{AF870CBA-13B1-4E59-B42B-CF827DE17F12}.Release|Any CPU.ActiveCfg = Release|Any CPU
		{AF870CBA-13B1-4E59-B42B-CF827DE17F12}.Release|Any CPU.Build.0 = Release|Any CPU
		{E5B93010-A2A0-4CAE-8FFE-28A4922B6D70}.Debug|Any CPU.ActiveCfg = Debug|Any CPU
		{E5B93010-A2A0-4CAE-8FFE-28A4922B6D70}.Debug|Any CPU.Build.0 = Debug|Any CPU
		{E5B93010-A2A0-4CAE-8FFE-28A4922B6D70}.Release|Any CPU.ActiveCfg = Release|Any CPU
		{E5B93010-A2A0-4CAE-8FFE-28A4922B6D70}.Release|Any CPU.Build.0 = Release|Any CPU
		{A33061E4-AB72-493A-A717-1707BE481E3C}.Debug|Any CPU.ActiveCfg = Debug|Any CPU
		{A33061E4-AB72-493A-A717-1707BE481E3C}.Debug|Any CPU.Build.0 = Debug|Any CPU
		{A33061E4-AB72-493A-A717-1707BE481E3C}.Release|Any CPU.ActiveCfg = Release|Any CPU
		{A33061E4-AB72-493A-A717-1707BE481E3C}.Release|Any CPU.Build.0 = Release|Any CPU
	EndGlobalSection
	GlobalSection(SolutionProperties) = preSolution
		HideSolutionNode = FALSE
	EndGlobalSection
	GlobalSection(NestedProjects) = preSolution
		{0540068F-921B-4433-929A-8C7AF096CAAA} = {5358B51A-23A1-4457-AD17-2EDD20B0EF52}
		{3AB03171-C90C-4165-A242-2B400D43EEB9} = {4DD60349-7B1F-4AE9-9BED-5977B8F6B2B7}
		{F96C095D-BAC2-4C42-9B4B-07DB2C2C84B7} = {5358B51A-23A1-4457-AD17-2EDD20B0EF52}
		{86F0D701-15AD-497B-AD2F-657C1675F255} = {5358B51A-23A1-4457-AD17-2EDD20B0EF52}
		{AF870CBA-13B1-4E59-B42B-CF827DE17F12} = {5358B51A-23A1-4457-AD17-2EDD20B0EF52}
		{E5B93010-A2A0-4CAE-8FFE-28A4922B6D70} = {5358B51A-23A1-4457-AD17-2EDD20B0EF52}
	EndGlobalSection
	GlobalSection(ExtensibilityGlobals) = postSolution
		SolutionGuid = {BE59FF9A-7E17-406C-BBE5-78FC6C901A3B}
	EndGlobalSection
EndGlobal
