
Microsoft Visual Studio Solution File, Format Version 12.00
# Visual Studio Version 16
VisualStudioVersion = 16.0.30523.141
MinimumVisualStudioVersion = 10.0.40219.1
Project("{9A19103F-16F7-4668-BE54-9A1E7A4F7556}") = "Web", "Web\Web.csproj", "{0540068F-921B-4433-929A-8C7AF096CAAA}"
EndProject
Project("{FAE04EC0-301F-11D3-BF4B-00C04F79EFBC}") = "Csharp", "Csharp\Csharp.csproj", "{3AB03171-C90C-4165-A242-2B400D43EEB9}"
EndProject
Project("{2150E333-8FDC-42A3-9474-1A3956D46DE8}") = "作业", "作业", "{4DD60349-7B1F-4AE9-9BED-5977B8F6B2B7}"
EndProject
Project("{2150E333-8FDC-42A3-9474-1A3956D46DE8}") = "学习", "学习", "{5358B51A-23A1-4457-AD17-2EDD20B0EF52}"
EndProject
Project("{9A19103F-16F7-4668-BE54-9A1E7A4F7556}") = "NUnitTest", "NUnitTest\NUnitTest.csproj", "{A33061E4-AB72-493A-A717-1707BE481E3C}"
EndProject
Project("{FAE04EC0-301F-11D3-BF4B-00C04F79EFBC}") = "Verification_Code", "Verification_Code\Verification_Code.csproj", "{CD1C8C6A-8501-4922-A729-4B6FBB7001E2}"
EndProject
Project("{9A19103F-16F7-4668-BE54-9A1E7A4F7556}") = "demo1", "YqBang\demo1.csproj", "{DB45ABBD-C97A-4844-8D78-1DD467B97FEC}"
EndProject
Project("{9A19103F-16F7-4668-BE54-9A1E7A4F7556}") = "SourceStack", "SourceStack\SourceStack.csproj", "{815F501C-5C9D-46D6-94AC-193835F0DEEA}"
EndProject
Project("{9A19103F-16F7-4668-BE54-9A1E7A4F7556}") = "ADO", "ADO\ADO.csproj", "{51B65419-9D95-4351-A8B2-688643B55996}"
EndProject
Project("{9A19103F-16F7-4668-BE54-9A1E7A4F7556}") = "EFCoeTest", "EFCoeTest\EFCoeTest.csproj", "{6D24AB6C-0DBB-464F-AF1A-58ACC8D8EB53}"
EndProject
Project("{FAE04EC0-301F-11D3-BF4B-00C04F79EFBC}") = "YQBangMVC", "YQBangMVC\YQBangMVC.csproj", "{7C9F2673-383C-4948-BFFB-32AB44156ADB}"
EndProject
Project("{2150E333-8FDC-42A3-9474-1A3956D46DE8}") = "JS", "JS", "{A72B991A-1209-4320-9024-2584B8738F1A}"
EndProject
Project("{FAE04EC0-301F-11D3-BF4B-00C04F79EFBC}") = "JSHomeWork", "JSHomeWork\JSHomeWork.csproj", "{66BEEF80-C50F-4AA3-ACFB-B294E6F4928F}"
EndProject
Project("{2150E333-8FDC-42A3-9474-1A3956D46DE8}") = "UI", "UI", "{6F9C20CA-48AA-44AB-B186-C8EE4B23BF88}"
EndProject
Project("{2150E333-8FDC-42A3-9474-1A3956D46DE8}") = "BLL", "BLL", "{E8604A37-D22E-4386-8D33-BA87302BD706}"
EndProject
Project("{2150E333-8FDC-42A3-9474-1A3956D46DE8}") = "SRV", "SRV", "{AC5D6B50-DE20-431C-9ADF-A093A0410029}"
EndProject
Project("{FAE04EC0-301F-11D3-BF4B-00C04F79EFBC}") = "Repositories", "Repositories\Repositories.csproj", "{548868EC-60B8-492E-98A7-48EEBCE9D8B8}"
EndProject
Project("{FAE04EC0-301F-11D3-BF4B-00C04F79EFBC}") = "Entities", "Entities\Entities.csproj", "{43B40386-4FD9-41B4-BF4B-1973445F52BC}"
EndProject
Project("{FAE04EC0-301F-11D3-BF4B-00C04F79EFBC}") = "MockService", "MockService\MockService.csproj", "{306A12C8-D979-49F0-BE3A-19F62949FCA4}"
EndProject
Project("{FAE04EC0-301F-11D3-BF4B-00C04F79EFBC}") = "ProdService", "ProdService\ProdService.csproj", "{894B322B-F7EC-427D-B47F-E078815BCD1F}"
EndProject
Project("{FAE04EC0-301F-11D3-BF4B-00C04F79EFBC}") = "ServiceInterface", "ServiceInterface\ServiceInterface.csproj", "{4BA2F4C1-8B4B-4F3D-B7FC-38E5BC19AA52}"
EndProject
Project("{FAE04EC0-301F-11D3-BF4B-00C04F79EFBC}") = "ViewModel", "ViewModel\ViewModel.csproj", "{B3F9DF19-98B4-4328-AEAA-B22BF032D4AB}"
EndProject
Global
	GlobalSection(SolutionConfigurationPlatforms) = preSolution
		Debug|Any CPU = Debug|Any CPU
		Release|Any CPU = Release|Any CPU
	EndGlobalSection
	GlobalSection(ProjectConfigurationPlatforms) = postSolution
		{0540068F-921B-4433-929A-8C7AF096CAAA}.Debug|Any CPU.ActiveCfg = Debug|Any CPU
		{0540068F-921B-4433-929A-8C7AF096CAAA}.Debug|Any CPU.Build.0 = Debug|Any CPU
		{0540068F-921B-4433-929A-8C7AF096CAAA}.Release|Any CPU.ActiveCfg = Release|Any CPU
		{0540068F-921B-4433-929A-8C7AF096CAAA}.Release|Any CPU.Build.0 = Release|Any CPU
		{3AB03171-C90C-4165-A242-2B400D43EEB9}.Debug|Any CPU.ActiveCfg = Debug|Any CPU
		{3AB03171-C90C-4165-A242-2B400D43EEB9}.Debug|Any CPU.Build.0 = Debug|Any CPU
		{3AB03171-C90C-4165-A242-2B400D43EEB9}.Release|Any CPU.ActiveCfg = Release|Any CPU
		{3AB03171-C90C-4165-A242-2B400D43EEB9}.Release|Any CPU.Build.0 = Release|Any CPU
		{A33061E4-AB72-493A-A717-1707BE481E3C}.Debug|Any CPU.ActiveCfg = Debug|Any CPU
		{A33061E4-AB72-493A-A717-1707BE481E3C}.Debug|Any CPU.Build.0 = Debug|Any CPU
		{A33061E4-AB72-493A-A717-1707BE481E3C}.Release|Any CPU.ActiveCfg = Release|Any CPU
		{A33061E4-AB72-493A-A717-1707BE481E3C}.Release|Any CPU.Build.0 = Release|Any CPU
		{CD1C8C6A-8501-4922-A729-4B6FBB7001E2}.Debug|Any CPU.ActiveCfg = Debug|Any CPU
		{CD1C8C6A-8501-4922-A729-4B6FBB7001E2}.Debug|Any CPU.Build.0 = Debug|Any CPU
		{CD1C8C6A-8501-4922-A729-4B6FBB7001E2}.Release|Any CPU.ActiveCfg = Release|Any CPU
		{CD1C8C6A-8501-4922-A729-4B6FBB7001E2}.Release|Any CPU.Build.0 = Release|Any CPU
		{DB45ABBD-C97A-4844-8D78-1DD467B97FEC}.Debug|Any CPU.ActiveCfg = Debug|Any CPU
		{DB45ABBD-C97A-4844-8D78-1DD467B97FEC}.Debug|Any CPU.Build.0 = Debug|Any CPU
		{DB45ABBD-C97A-4844-8D78-1DD467B97FEC}.Release|Any CPU.ActiveCfg = Release|Any CPU
		{DB45ABBD-C97A-4844-8D78-1DD467B97FEC}.Release|Any CPU.Build.0 = Release|Any CPU
		{815F501C-5C9D-46D6-94AC-193835F0DEEA}.Debug|Any CPU.ActiveCfg = Debug|Any CPU
		{815F501C-5C9D-46D6-94AC-193835F0DEEA}.Debug|Any CPU.Build.0 = Debug|Any CPU
		{815F501C-5C9D-46D6-94AC-193835F0DEEA}.Release|Any CPU.ActiveCfg = Release|Any CPU
		{815F501C-5C9D-46D6-94AC-193835F0DEEA}.Release|Any CPU.Build.0 = Release|Any CPU
		{51B65419-9D95-4351-A8B2-688643B55996}.Debug|Any CPU.ActiveCfg = Debug|Any CPU
		{51B65419-9D95-4351-A8B2-688643B55996}.Debug|Any CPU.Build.0 = Debug|Any CPU
		{51B65419-9D95-4351-A8B2-688643B55996}.Release|Any CPU.ActiveCfg = Release|Any CPU
		{51B65419-9D95-4351-A8B2-688643B55996}.Release|Any CPU.Build.0 = Release|Any CPU
		{6D24AB6C-0DBB-464F-AF1A-58ACC8D8EB53}.Debug|Any CPU.ActiveCfg = Debug|Any CPU
		{6D24AB6C-0DBB-464F-AF1A-58ACC8D8EB53}.Debug|Any CPU.Build.0 = Debug|Any CPU
		{6D24AB6C-0DBB-464F-AF1A-58ACC8D8EB53}.Release|Any CPU.ActiveCfg = Release|Any CPU
		{6D24AB6C-0DBB-464F-AF1A-58ACC8D8EB53}.Release|Any CPU.Build.0 = Release|Any CPU
		{7C9F2673-383C-4948-BFFB-32AB44156ADB}.Debug|Any CPU.ActiveCfg = Debug|Any CPU
		{7C9F2673-383C-4948-BFFB-32AB44156ADB}.Debug|Any CPU.Build.0 = Debug|Any CPU
		{7C9F2673-383C-4948-BFFB-32AB44156ADB}.Release|Any CPU.ActiveCfg = Release|Any CPU
		{7C9F2673-383C-4948-BFFB-32AB44156ADB}.Release|Any CPU.Build.0 = Release|Any CPU
		{66BEEF80-C50F-4AA3-ACFB-B294E6F4928F}.Debug|Any CPU.ActiveCfg = Debug|Any CPU
		{66BEEF80-C50F-4AA3-ACFB-B294E6F4928F}.Debug|Any CPU.Build.0 = Debug|Any CPU
		{66BEEF80-C50F-4AA3-ACFB-B294E6F4928F}.Release|Any CPU.ActiveCfg = Release|Any CPU
		{66BEEF80-C50F-4AA3-ACFB-B294E6F4928F}.Release|Any CPU.Build.0 = Release|Any CPU
		{548868EC-60B8-492E-98A7-48EEBCE9D8B8}.Debug|Any CPU.ActiveCfg = Debug|Any CPU
		{548868EC-60B8-492E-98A7-48EEBCE9D8B8}.Debug|Any CPU.Build.0 = Debug|Any CPU
		{548868EC-60B8-492E-98A7-48EEBCE9D8B8}.Release|Any CPU.ActiveCfg = Release|Any CPU
		{548868EC-60B8-492E-98A7-48EEBCE9D8B8}.Release|Any CPU.Build.0 = Release|Any CPU
		{43B40386-4FD9-41B4-BF4B-1973445F52BC}.Debug|Any CPU.ActiveCfg = Debug|Any CPU
		{43B40386-4FD9-41B4-BF4B-1973445F52BC}.Debug|Any CPU.Build.0 = Debug|Any CPU
		{43B40386-4FD9-41B4-BF4B-1973445F52BC}.Release|Any CPU.ActiveCfg = Release|Any CPU
		{43B40386-4FD9-41B4-BF4B-1973445F52BC}.Release|Any CPU.Build.0 = Release|Any CPU
		{306A12C8-D979-49F0-BE3A-19F62949FCA4}.Debug|Any CPU.ActiveCfg = Debug|Any CPU
		{306A12C8-D979-49F0-BE3A-19F62949FCA4}.Debug|Any CPU.Build.0 = Debug|Any CPU
		{306A12C8-D979-49F0-BE3A-19F62949FCA4}.Release|Any CPU.ActiveCfg = Release|Any CPU
		{306A12C8-D979-49F0-BE3A-19F62949FCA4}.Release|Any CPU.Build.0 = Release|Any CPU
		{894B322B-F7EC-427D-B47F-E078815BCD1F}.Debug|Any CPU.ActiveCfg = Debug|Any CPU
		{894B322B-F7EC-427D-B47F-E078815BCD1F}.Debug|Any CPU.Build.0 = Debug|Any CPU
		{894B322B-F7EC-427D-B47F-E078815BCD1F}.Release|Any CPU.ActiveCfg = Release|Any CPU
		{894B322B-F7EC-427D-B47F-E078815BCD1F}.Release|Any CPU.Build.0 = Release|Any CPU
		{4BA2F4C1-8B4B-4F3D-B7FC-38E5BC19AA52}.Debug|Any CPU.ActiveCfg = Debug|Any CPU
		{4BA2F4C1-8B4B-4F3D-B7FC-38E5BC19AA52}.Debug|Any CPU.Build.0 = Debug|Any CPU
		{4BA2F4C1-8B4B-4F3D-B7FC-38E5BC19AA52}.Release|Any CPU.ActiveCfg = Release|Any CPU
		{4BA2F4C1-8B4B-4F3D-B7FC-38E5BC19AA52}.Release|Any CPU.Build.0 = Release|Any CPU
		{B3F9DF19-98B4-4328-AEAA-B22BF032D4AB}.Debug|Any CPU.ActiveCfg = Debug|Any CPU
		{B3F9DF19-98B4-4328-AEAA-B22BF032D4AB}.Debug|Any CPU.Build.0 = Debug|Any CPU
		{B3F9DF19-98B4-4328-AEAA-B22BF032D4AB}.Release|Any CPU.ActiveCfg = Release|Any CPU
		{B3F9DF19-98B4-4328-AEAA-B22BF032D4AB}.Release|Any CPU.Build.0 = Release|Any CPU
	EndGlobalSection
	GlobalSection(SolutionProperties) = preSolution
		HideSolutionNode = FALSE
	EndGlobalSection
	GlobalSection(NestedProjects) = preSolution
		{0540068F-921B-4433-929A-8C7AF096CAAA} = {5358B51A-23A1-4457-AD17-2EDD20B0EF52}
		{3AB03171-C90C-4165-A242-2B400D43EEB9} = {4DD60349-7B1F-4AE9-9BED-5977B8F6B2B7}
		{A33061E4-AB72-493A-A717-1707BE481E3C} = {5358B51A-23A1-4457-AD17-2EDD20B0EF52}
		{CD1C8C6A-8501-4922-A729-4B6FBB7001E2} = {5358B51A-23A1-4457-AD17-2EDD20B0EF52}
		{DB45ABBD-C97A-4844-8D78-1DD467B97FEC} = {4DD60349-7B1F-4AE9-9BED-5977B8F6B2B7}
		{815F501C-5C9D-46D6-94AC-193835F0DEEA} = {4DD60349-7B1F-4AE9-9BED-5977B8F6B2B7}
		{51B65419-9D95-4351-A8B2-688643B55996} = {5358B51A-23A1-4457-AD17-2EDD20B0EF52}
		{6D24AB6C-0DBB-464F-AF1A-58ACC8D8EB53} = {4DD60349-7B1F-4AE9-9BED-5977B8F6B2B7}
		{7C9F2673-383C-4948-BFFB-32AB44156ADB} = {6F9C20CA-48AA-44AB-B186-C8EE4B23BF88}
		{66BEEF80-C50F-4AA3-ACFB-B294E6F4928F} = {A72B991A-1209-4320-9024-2584B8738F1A}
		{548868EC-60B8-492E-98A7-48EEBCE9D8B8} = {E8604A37-D22E-4386-8D33-BA87302BD706}
		{43B40386-4FD9-41B4-BF4B-1973445F52BC} = {E8604A37-D22E-4386-8D33-BA87302BD706}
		{306A12C8-D979-49F0-BE3A-19F62949FCA4} = {AC5D6B50-DE20-431C-9ADF-A093A0410029}
		{894B322B-F7EC-427D-B47F-E078815BCD1F} = {AC5D6B50-DE20-431C-9ADF-A093A0410029}
		{4BA2F4C1-8B4B-4F3D-B7FC-38E5BC19AA52} = {AC5D6B50-DE20-431C-9ADF-A093A0410029}
		{B3F9DF19-98B4-4328-AEAA-B22BF032D4AB} = {AC5D6B50-DE20-431C-9ADF-A093A0410029}
	EndGlobalSection
	GlobalSection(ExtensibilityGlobals) = postSolution
		SolutionGuid = {BE59FF9A-7E17-406C-BBE5-78FC6C901A3B}
	EndGlobalSection
EndGlobal
